{
  "name": "growthbook_test_app",
  "lockfileVersion": 2,
  "requires": true,
  "packages": {
    "": {
      "dependencies": {
        "@growthbook/growthbook-react": "^0.17.0",
        "nanoid": "^4.0.2"
      }
    },
    "node_modules/@growthbook/growthbook": {
      "version": "0.27.0",
      "resolved": "https://registry.npmjs.org/@growthbook/growthbook/-/growthbook-0.27.0.tgz",
      "integrity": "sha512-gt/DWXfgyudY3gXAUjzKm9kMjVfCzfRc8d0nQQiXCP523ow23jThrmBzkRKCN+zxYVxUKcHjP9yjU9EKJqP4Fw==",
      "dependencies": {
        "dom-mutator": "^0.5.0"
      },
      "engines": {
        "node": ">=10"
      }
    },
    "node_modules/@growthbook/growthbook-react": {
      "version": "0.17.0",
      "resolved": "https://registry.npmjs.org/@growthbook/growthbook-react/-/growthbook-react-0.17.0.tgz",
      "integrity": "sha512-od+bSg3RD9AXfi/TWFDSzRaB6RuJLkUX5eFOZz8u8wL8yDbgd5RF9cwu4lQIF9/tyG1WLu4qipV+SM2v5s4BcQ==",
      "dependencies": {
        "@growthbook/growthbook": "^0.27.0"
      },
      "engines": {
        "node": ">=10"
      },
      "peerDependencies": {
        "react": "^16.8.0-0 || ^17.0.0-0 || ^18.0.0-0"
      }
    },
    "node_modules/dom-mutator": {
      "version": "0.5.0",
      "resolved": "https://registry.npmjs.org/dom-mutator/-/dom-mutator-0.5.0.tgz",
      "integrity": "sha512-bbeX8HWE8JGzraFgbVBX4ws2g3heZFuTtrleQBuN7huy+7n2n7etSuVnot3/1z3jdY2MiwuvoS4Ep1UT2rrGBw==",
      "engines": {
        "node": ">=10"
      }
    },
    "node_modules/js-tokens": {
      "version": "4.0.0",
      "resolved": "https://registry.npmjs.org/js-tokens/-/js-tokens-4.0.0.tgz",
      "integrity": "sha512-RdJUflcE3cUzKiMqQgsCu06FPu9UdIJO0beYbPhHN4k6apgJtifcoCtT9bcxOpYBtpD2kCM6Sbzg4CausW/PKQ==",
      "peer": true
    },
    "node_modules/loose-envify": {
      "version": "1.4.0",
      "resolved": "https://registry.npmjs.org/loose-envify/-/loose-envify-1.4.0.tgz",
      "integrity": "sha512-lyuxPGr/Wfhrlem2CL/UcnUc1zcqKAImBDzukY7Y5F/yQiNdko6+fRLevlw1HgMySw7f611UIY408EtxRSoK3Q==",
      "peer": true,
      "dependencies": {
        "js-tokens": "^3.0.0 || ^4.0.0"
      },
      "bin": {
        "loose-envify": "cli.js"
      }
    },
    "node_modules/nanoid": {
      "version": "4.0.2",
      "resolved": "https://registry.npmjs.org/nanoid/-/nanoid-4.0.2.tgz",
      "integrity": "sha512-7ZtY5KTCNheRGfEFxnedV5zFiORN1+Y1N6zvPTnHQd8ENUvfaDBeuJDZb2bN/oXwXxu3qkTXDzy57W5vAmDTBw==",
      "funding": [
        {
          "type": "github",
          "url": "https://github.com/sponsors/ai"
        }
      ],
      "bin": {
        "nanoid": "bin/nanoid.js"
      },
      "engines": {
        "node": "^14 || ^16 || >=18"
      }
    },
    "node_modules/react": {
      "version": "18.2.0",
      "resolved": "https://registry.npmjs.org/react/-/react-18.2.0.tgz",
      "integrity": "sha512-/3IjMdb2L9QbBdWiW5e3P2/npwMBaU9mHCSCUzNln0ZCYbcfTsGbTJrU/kGemdH2IWmB2ioZ+zkxtmq6g09fGQ==",
      "peer": true,
      "dependencies": {
        "loose-envify": "^1.1.0"
      },
      "engines": {
        "node": ">=0.10.0"
      }
    }
  },
  "dependencies": {
    "@growthbook/growthbook": {
      "version": "0.27.0",
      "resolved": "https://registry.npmjs.org/@growthbook/growthbook/-/growthbook-0.27.0.tgz",
      "integrity": "sha512-gt/DWXfgyudY3gXAUjzKm9kMjVfCzfRc8d0nQQiXCP523ow23jThrmBzkRKCN+zxYVxUKcHjP9yjU9EKJqP4Fw==",
      "requires": {
        "dom-mutator": "^0.5.0"
      }
    },
    "@growthbook/growthbook-react": {
      "version": "0.17.0",
      "resolved": "https://registry.npmjs.org/@growthbook/growthbook-react/-/growthbook-react-0.17.0.tgz",
      "integrity": "sha512-od+bSg3RD9AXfi/TWFDSzRaB6RuJLkUX5eFOZz8u8wL8yDbgd5RF9cwu4lQIF9/tyG1WLu4qipV+SM2v5s4BcQ==",
      "requires": {
        "@growthbook/growthbook": "^0.27.0"
      }
    },
    "dom-mutator": {
      "version": "0.5.0",
      "resolved": "https://registry.npmjs.org/dom-mutator/-/dom-mutator-0.5.0.tgz",
      "integrity": "sha512-bbeX8HWE8JGzraFgbVBX4ws2g3heZFuTtrleQBuN7huy+7n2n7etSuVnot3/1z3jdY2MiwuvoS4Ep1UT2rrGBw=="
    },
    "js-tokens": {
      "version": "4.0.0",
      "resolved": "https://registry.npmjs.org/js-tokens/-/js-tokens-4.0.0.tgz",
      "integrity": "sha512-RdJUflcE3cUzKiMqQgsCu06FPu9UdIJO0beYbPhHN4k6apgJtifcoCtT9bcxOpYBtpD2kCM6Sbzg4CausW/PKQ==",
      "peer": true
    },
    "loose-envify": {
      "version": "1.4.0",
      "resolved": "https://registry.npmjs.org/loose-envify/-/loose-envify-1.4.0.tgz",
      "integrity": "sha512-lyuxPGr/Wfhrlem2CL/UcnUc1zcqKAImBDzukY7Y5F/yQiNdko6+fRLevlw1HgMySw7f611UIY408EtxRSoK3Q==",
      "peer": true,
      "requires": {
        "js-tokens": "^3.0.0 || ^4.0.0"
      }
    },
    "nanoid": {
      "version": "4.0.2",
      "resolved": "https://registry.npmjs.org/nanoid/-/nanoid-4.0.2.tgz",
      "integrity": "sha512-7ZtY5KTCNheRGfEFxnedV5zFiORN1+Y1N6zvPTnHQd8ENUvfaDBeuJDZb2bN/oXwXxu3qkTXDzy57W5vAmDTBw=="
    },
    "react": {
      "version": "18.2.0",
      "resolved": "https://registry.npmjs.org/react/-/react-18.2.0.tgz",
      "integrity": "sha512-/3IjMdb2L9QbBdWiW5e3P2/npwMBaU9mHCSCUzNln0ZCYbcfTsGbTJrU/kGemdH2IWmB2ioZ+zkxtmq6g09fGQ==",
      "peer": true,
      "requires": {
        "loose-envify": "^1.1.0"
      }
    }
  }
}
